
Microsoft Visual Studio Solution File, Format Version 12.00
# Visual Studio Version 17
VisualStudioVersion = 17.4.33205.214
MinimumVisualStudioVersion = 10.0.40219.1
Project("{FAE04EC0-301F-11D3-BF4B-00C04F79EFBC}") = "event-ingest-func", "event-ingest-func\event-ingest-func.csproj", "{84747F87-3DD0-4BDE-BAAD-56AD6A07AA3D}"
EndProject
Project("{FAE04EC0-301F-11D3-BF4B-00C04F79EFBC}") = "events-ingest-abstractions", "events-ingest-abstractions\events-ingest-abstractions.csproj", "{0552A826-CEFA-4D86-9AB9-E6CE9793E3C7}"
EndProject
Global
	GlobalSection(SolutionConfigurationPlatforms) = preSolution
		Debug|Any CPU = Debug|Any CPU
		Release|Any CPU = Release|Any CPU
	EndGlobalSection
	GlobalSection(ProjectConfigurationPlatforms) = postSolution
		{84747F87-3DD0-4BDE-BAAD-56AD6A07AA3D}.Debug|Any CPU.ActiveCfg = Debug|Any CPU
		{84747F87-3DD0-4BDE-BAAD-56AD6A07AA3D}.Debug|Any CPU.Build.0 = Debug|Any CPU
		{84747F87-3DD0-4BDE-BAAD-56AD6A07AA3D}.Release|Any CPU.ActiveCfg = Release|Any CPU
		{84747F87-3DD0-4BDE-BAAD-56AD6A07AA3D}.Release|Any CPU.Build.0 = Release|Any CPU
		{0552A826-CEFA-4D86-9AB9-E6CE9793E3C7}.Debug|Any CPU.ActiveCfg = Debug|Any CPU
		{0552A826-CEFA-4D86-9AB9-E6CE9793E3C7}.Debug|Any CPU.Build.0 = Debug|Any CPU
		{0552A826-CEFA-4D86-9AB9-E6CE9793E3C7}.Release|Any CPU.ActiveCfg = Release|Any CPU
		{0552A826-CEFA-4D86-9AB9-E6CE9793E3C7}.Release|Any CPU.Build.0 = Release|Any CPU
	EndGlobalSection
	GlobalSection(SolutionProperties) = preSolution
		HideSolutionNode = FALSE
	EndGlobalSection
	GlobalSection(ExtensibilityGlobals) = postSolution
		SolutionGuid = {22CDAD2D-69F3-4F22-BB2B-685BF40374F1}
	EndGlobalSection
EndGlobal
