
Microsoft Visual Studio Solution File, Format Version 12.00
# Visual Studio Version 17
VisualStudioVersion = 17.4.33205.214
MinimumVisualStudioVersion = 10.0.40219.1
Project("{9A19103F-16F7-4668-BE54-9A1E7A4F7556}") = "XtremeIdiots.Portal.Events.Ingest.App.V1", "XtremeIdiots.Portal.Events.Ingest.App.V1\XtremeIdiots.Portal.Events.Ingest.App.V1.csproj", "{84747F87-3DD0-4BDE-BAAD-56AD6A07AA3D}"
EndProject
Project("{9A19103F-16F7-4668-BE54-9A1E7A4F7556}") = "XtremeIdiots.Portal.Events.Abstractions.V1", "XtremeIdiots.Portal.Events.Abstractions.V1\XtremeIdiots.Portal.Events.Abstractions.V1.csproj", "{3BB2BA71-55D1-4C75-BF1E-3CD5AA011945}"
EndProject
Project("{FAE04EC0-301F-11D3-BF4B-00C04F79EFBC}") = "XtremeIdiots.Portal.Events.Ingest.App.V1.Tests", "XtremeIdiots.Portal.Events.Ingest.App.V1.Tests\XtremeIdiots.Portal.Events.Ingest.App.V1.Tests.csproj", "{52198E48-C427-41A4-B2EC-B65EB8389F17}"
EndProject
Project("{FAE04EC0-301F-11D3-BF4B-00C04F79EFBC}") = "XtremeIdiots.Portal.Events.Ingest.Api.Client.V1", "XtremeIdiots.Portal.Events.Ingest.Api.Client.V1\XtremeIdiots.Portal.Events.Ingest.Api.Client.V1.csproj", "{6E61412E-55E1-4339-BA89-2972AF5AD699}"
EndProject
Project("{FAE04EC0-301F-11D3-BF4B-00C04F79EFBC}") = "XtremeIdiots.Portal.Events.Ingest.Api.Client.Testing", "XtremeIdiots.Portal.Events.Ingest.Api.Client.Testing\XtremeIdiots.Portal.Events.Ingest.Api.Client.Testing.csproj", "{9FEAB5F1-286C-4ED4-A354-07F53C354A52}"
EndProject
Project("{FAE04EC0-301F-11D3-BF4B-00C04F79EFBC}") = "XtremeIdiots.Portal.Events.Ingest.Api.Client.Testing.Tests", "XtremeIdiots.Portal.Events.Ingest.Api.Client.Testing.Tests\XtremeIdiots.Portal.Events.Ingest.Api.Client.Testing.Tests.csproj", "{B16493AE-C425-4F3A-8699-E8284137311B}"
EndProject
Global
	GlobalSection(SolutionConfigurationPlatforms) = preSolution
		Debug|Any CPU = Debug|Any CPU
		Debug|x64 = Debug|x64
		Debug|x86 = Debug|x86
		Release|Any CPU = Release|Any CPU
		Release|x64 = Release|x64
		Release|x86 = Release|x86
	EndGlobalSection
	GlobalSection(ProjectConfigurationPlatforms) = postSolution
		{84747F87-3DD0-4BDE-BAAD-56AD6A07AA3D}.Debug|Any CPU.ActiveCfg = Debug|Any CPU
		{84747F87-3DD0-4BDE-BAAD-56AD6A07AA3D}.Debug|Any CPU.Build.0 = Debug|Any CPU
		{84747F87-3DD0-4BDE-BAAD-56AD6A07AA3D}.Debug|x64.ActiveCfg = Debug|Any CPU
		{84747F87-3DD0-4BDE-BAAD-56AD6A07AA3D}.Debug|x64.Build.0 = Debug|Any CPU
		{84747F87-3DD0-4BDE-BAAD-56AD6A07AA3D}.Debug|x86.ActiveCfg = Debug|Any CPU
		{84747F87-3DD0-4BDE-BAAD-56AD6A07AA3D}.Debug|x86.Build.0 = Debug|Any CPU
		{84747F87-3DD0-4BDE-BAAD-56AD6A07AA3D}.Release|Any CPU.ActiveCfg = Release|Any CPU
		{84747F87-3DD0-4BDE-BAAD-56AD6A07AA3D}.Release|Any CPU.Build.0 = Release|Any CPU
		{84747F87-3DD0-4BDE-BAAD-56AD6A07AA3D}.Release|x64.ActiveCfg = Release|Any CPU
		{84747F87-3DD0-4BDE-BAAD-56AD6A07AA3D}.Release|x64.Build.0 = Release|Any CPU
		{84747F87-3DD0-4BDE-BAAD-56AD6A07AA3D}.Release|x86.ActiveCfg = Release|Any CPU
		{84747F87-3DD0-4BDE-BAAD-56AD6A07AA3D}.Release|x86.Build.0 = Release|Any CPU
		{3BB2BA71-55D1-4C75-BF1E-3CD5AA011945}.Debug|Any CPU.ActiveCfg = Debug|Any CPU
		{3BB2BA71-55D1-4C75-BF1E-3CD5AA011945}.Debug|Any CPU.Build.0 = Debug|Any CPU
		{3BB2BA71-55D1-4C75-BF1E-3CD5AA011945}.Debug|x64.ActiveCfg = Debug|Any CPU
		{3BB2BA71-55D1-4C75-BF1E-3CD5AA011945}.Debug|x64.Build.0 = Debug|Any CPU
		{3BB2BA71-55D1-4C75-BF1E-3CD5AA011945}.Debug|x86.ActiveCfg = Debug|Any CPU
		{3BB2BA71-55D1-4C75-BF1E-3CD5AA011945}.Debug|x86.Build.0 = Debug|Any CPU
		{3BB2BA71-55D1-4C75-BF1E-3CD5AA011945}.Release|Any CPU.ActiveCfg = Release|Any CPU
		{3BB2BA71-55D1-4C75-BF1E-3CD5AA011945}.Release|Any CPU.Build.0 = Release|Any CPU
		{3BB2BA71-55D1-4C75-BF1E-3CD5AA011945}.Release|x64.ActiveCfg = Release|Any CPU
		{3BB2BA71-55D1-4C75-BF1E-3CD5AA011945}.Release|x64.Build.0 = Release|Any CPU
		{3BB2BA71-55D1-4C75-BF1E-3CD5AA011945}.Release|x86.ActiveCfg = Release|Any CPU
		{3BB2BA71-55D1-4C75-BF1E-3CD5AA011945}.Release|x86.Build.0 = Release|Any CPU
		{52198E48-C427-41A4-B2EC-B65EB8389F17}.Debug|Any CPU.ActiveCfg = Debug|Any CPU
		{52198E48-C427-41A4-B2EC-B65EB8389F17}.Debug|Any CPU.Build.0 = Debug|Any CPU
		{52198E48-C427-41A4-B2EC-B65EB8389F17}.Debug|x64.ActiveCfg = Debug|Any CPU
		{52198E48-C427-41A4-B2EC-B65EB8389F17}.Debug|x64.Build.0 = Debug|Any CPU
		{52198E48-C427-41A4-B2EC-B65EB8389F17}.Debug|x86.ActiveCfg = Debug|Any CPU
		{52198E48-C427-41A4-B2EC-B65EB8389F17}.Debug|x86.Build.0 = Debug|Any CPU
		{52198E48-C427-41A4-B2EC-B65EB8389F17}.Release|Any CPU.ActiveCfg = Release|Any CPU
		{52198E48-C427-41A4-B2EC-B65EB8389F17}.Release|Any CPU.Build.0 = Release|Any CPU
		{52198E48-C427-41A4-B2EC-B65EB8389F17}.Release|x64.ActiveCfg = Release|Any CPU
		{52198E48-C427-41A4-B2EC-B65EB8389F17}.Release|x64.Build.0 = Release|Any CPU
		{52198E48-C427-41A4-B2EC-B65EB8389F17}.Release|x86.ActiveCfg = Release|Any CPU
		{52198E48-C427-41A4-B2EC-B65EB8389F17}.Release|x86.Build.0 = Release|Any CPU
		{6E61412E-55E1-4339-BA89-2972AF5AD699}.Debug|Any CPU.ActiveCfg = Debug|Any CPU
		{6E61412E-55E1-4339-BA89-2972AF5AD699}.Debug|Any CPU.Build.0 = Debug|Any CPU
		{6E61412E-55E1-4339-BA89-2972AF5AD699}.Debug|x64.ActiveCfg = Debug|Any CPU
		{6E61412E-55E1-4339-BA89-2972AF5AD699}.Debug|x64.Build.0 = Debug|Any CPU
		{6E61412E-55E1-4339-BA89-2972AF5AD699}.Debug|x86.ActiveCfg = Debug|Any CPU
		{6E61412E-55E1-4339-BA89-2972AF5AD699}.Debug|x86.Build.0 = Debug|Any CPU
		{6E61412E-55E1-4339-BA89-2972AF5AD699}.Release|Any CPU.ActiveCfg = Release|Any CPU
		{6E61412E-55E1-4339-BA89-2972AF5AD699}.Release|Any CPU.Build.0 = Release|Any CPU
		{6E61412E-55E1-4339-BA89-2972AF5AD699}.Release|x64.ActiveCfg = Release|Any CPU
		{6E61412E-55E1-4339-BA89-2972AF5AD699}.Release|x64.Build.0 = Release|Any CPU
		{6E61412E-55E1-4339-BA89-2972AF5AD699}.Release|x86.ActiveCfg = Release|Any CPU
		{6E61412E-55E1-4339-BA89-2972AF5AD699}.Release|x86.Build.0 = Release|Any CPU
		{9FEAB5F1-286C-4ED4-A354-07F53C354A52}.Debug|Any CPU.ActiveCfg = Debug|Any CPU
		{9FEAB5F1-286C-4ED4-A354-07F53C354A52}.Debug|Any CPU.Build.0 = Debug|Any CPU
		{9FEAB5F1-286C-4ED4-A354-07F53C354A52}.Debug|x64.ActiveCfg = Debug|Any CPU
		{9FEAB5F1-286C-4ED4-A354-07F53C354A52}.Debug|x64.Build.0 = Debug|Any CPU
		{9FEAB5F1-286C-4ED4-A354-07F53C354A52}.Debug|x86.ActiveCfg = Debug|Any CPU
		{9FEAB5F1-286C-4ED4-A354-07F53C354A52}.Debug|x86.Build.0 = Debug|Any CPU
		{9FEAB5F1-286C-4ED4-A354-07F53C354A52}.Release|Any CPU.ActiveCfg = Release|Any CPU
		{9FEAB5F1-286C-4ED4-A354-07F53C354A52}.Release|Any CPU.Build.0 = Release|Any CPU
		{9FEAB5F1-286C-4ED4-A354-07F53C354A52}.Release|x64.ActiveCfg = Release|Any CPU
		{9FEAB5F1-286C-4ED4-A354-07F53C354A52}.Release|x64.Build.0 = Release|Any CPU
		{9FEAB5F1-286C-4ED4-A354-07F53C354A52}.Release|x86.ActiveCfg = Release|Any CPU
		{9FEAB5F1-286C-4ED4-A354-07F53C354A52}.Release|x86.Build.0 = Release|Any CPU
		{B16493AE-C425-4F3A-8699-E8284137311B}.Debug|Any CPU.ActiveCfg = Debug|Any CPU
		{B16493AE-C425-4F3A-8699-E8284137311B}.Debug|Any CPU.Build.0 = Debug|Any CPU
		{B16493AE-C425-4F3A-8699-E8284137311B}.Debug|x64.ActiveCfg = Debug|Any CPU
		{B16493AE-C425-4F3A-8699-E8284137311B}.Debug|x64.Build.0 = Debug|Any CPU
		{B16493AE-C425-4F3A-8699-E8284137311B}.Debug|x86.ActiveCfg = Debug|Any CPU
		{B16493AE-C425-4F3A-8699-E8284137311B}.Debug|x86.Build.0 = Debug|Any CPU
		{B16493AE-C425-4F3A-8699-E8284137311B}.Release|Any CPU.ActiveCfg = Release|Any CPU
		{B16493AE-C425-4F3A-8699-E8284137311B}.Release|Any CPU.Build.0 = Release|Any CPU
		{B16493AE-C425-4F3A-8699-E8284137311B}.Release|x64.ActiveCfg = Release|Any CPU
		{B16493AE-C425-4F3A-8699-E8284137311B}.Release|x64.Build.0 = Release|Any CPU
		{B16493AE-C425-4F3A-8699-E8284137311B}.Release|x86.ActiveCfg = Release|Any CPU
		{B16493AE-C425-4F3A-8699-E8284137311B}.Release|x86.Build.0 = Release|Any CPU
	EndGlobalSection
	GlobalSection(SolutionProperties) = preSolution
		HideSolutionNode = FALSE
	EndGlobalSection
	GlobalSection(ExtensibilityGlobals) = postSolution
		SolutionGuid = {22CDAD2D-69F3-4F22-BB2B-685BF40374F1}
	EndGlobalSection
EndGlobal
